
Microsoft Visual Studio Solution File, Format Version 12.00
# Visual Studio Version 16
VisualStudioVersion = 16.0.31702.278
MinimumVisualStudioVersion = 10.0.40219.1
Project("{FAE04EC0-301F-11D3-BF4B-00C04F79EFBC}") = "notifyicon", "notifyicon\notifyicon.csproj", "{43186B68-059E-4378-BAD5-81BA4F64F5A6}"
EndProject
Global
	GlobalSection(SolutionConfigurationPlatforms) = preSolution
		Debug|Any CPU = Debug|Any CPU
		Release|Any CPU = Release|Any CPU
	EndGlobalSection
	GlobalSection(ProjectConfigurationPlatforms) = postSolution
		{43186B68-059E-4378-BAD5-81BA4F64F5A6}.Debug|Any CPU.ActiveCfg = Debug|Any CPU
		{43186B68-059E-4378-BAD5-81BA4F64F5A6}.Debug|Any CPU.Build.0 = Debug|Any CPU
		{43186B68-059E-4378-BAD5-81BA4F64F5A6}.Release|Any CPU.ActiveCfg = Release|Any CPU
		{43186B68-059E-4378-BAD5-81BA4F64F5A6}.Release|Any CPU.Build.0 = Release|Any CPU
	EndGlobalSection
	GlobalSection(SolutionProperties) = preSolution
		HideSolutionNode = FALSE
	EndGlobalSection
	GlobalSection(ExtensibilityGlobals) = postSolution
		SolutionGuid = {D9796EA3-25AC-43C6-A735-B9319C5C78AA}
	EndGlobalSection
EndGlobal
